
Microsoft Visual Studio Solution File, Format Version 12.00
# Visual Studio Version 16
VisualStudioVersion = 16.0.31112.23
MinimumVisualStudioVersion = 10.0.40219.1
Project("{FAE04EC0-301F-11D3-BF4B-00C04F79EFBC}") = "SfDataGridDemo", "SfDataGridDemo.csproj", "{BC242557-F6C8-4FBD-A2D5-C74E7CF913E1}"
EndProject
Global
	GlobalSection(SolutionConfigurationPlatforms) = preSolution
		Debug|Any CPU = Debug|Any CPU
		Release|Any CPU = Release|Any CPU
	EndGlobalSection
	GlobalSection(ProjectConfigurationPlatforms) = postSolution
		{BC242557-F6C8-4FBD-A2D5-C74E7CF913E1}.Debug|Any CPU.ActiveCfg = Debug|Any CPU
		{BC242557-F6C8-4FBD-A2D5-C74E7CF913E1}.Debug|Any CPU.Build.0 = Debug|Any CPU
		{BC242557-F6C8-4FBD-A2D5-C74E7CF913E1}.Release|Any CPU.ActiveCfg = Release|Any CPU
		{BC242557-F6C8-4FBD-A2D5-C74E7CF913E1}.Release|Any CPU.Build.0 = Release|Any CPU
	EndGlobalSection
	GlobalSection(SolutionProperties) = preSolution
		HideSolutionNode = FALSE
	EndGlobalSection
	GlobalSection(ExtensibilityGlobals) = postSolution
		SolutionGuid = {DAB67FAE-439C-41EB-89E4-E79401A8C778}
	EndGlobalSection
EndGlobal
